
Microsoft Visual Studio Solution File, Format Version 12.00
# Visual Studio 15
VisualStudioVersion = 15.0.27004.2005
MinimumVisualStudioVersion = 10.0.40219.1
Project("{9A19103F-16F7-4668-BE54-9A1E7A4F7556}") = "code4money.WebAG2", "code4money.WebAG2\code4money.WebAG2.csproj", "{FBE3CFBA-AE8A-4D38-B862-C8D0FF39C3C0}"
EndProject
Project("{FAE04EC0-301F-11D3-BF4B-00C04F79EFBC}") = "code4money.Web", "code4money.Web\code4money.Web.csproj", "{AD33638B-2CCE-49BF-A9B3-ED423C86F258}"
EndProject
Global
	GlobalSection(SolutionConfigurationPlatforms) = preSolution
		Debug|Any CPU = Debug|Any CPU
		Release|Any CPU = Release|Any CPU
	EndGlobalSection
	GlobalSection(ProjectConfigurationPlatforms) = postSolution
		{FBE3CFBA-AE8A-4D38-B862-C8D0FF39C3C0}.Debug|Any CPU.ActiveCfg = Debug|Any CPU
		{FBE3CFBA-AE8A-4D38-B862-C8D0FF39C3C0}.Debug|Any CPU.Build.0 = Debug|Any CPU
		{FBE3CFBA-AE8A-4D38-B862-C8D0FF39C3C0}.Release|Any CPU.ActiveCfg = Release|Any CPU
		{FBE3CFBA-AE8A-4D38-B862-C8D0FF39C3C0}.Release|Any CPU.Build.0 = Release|Any CPU
		{AD33638B-2CCE-49BF-A9B3-ED423C86F258}.Debug|Any CPU.ActiveCfg = Debug|Any CPU
		{AD33638B-2CCE-49BF-A9B3-ED423C86F258}.Debug|Any CPU.Build.0 = Debug|Any CPU
		{AD33638B-2CCE-49BF-A9B3-ED423C86F258}.Release|Any CPU.ActiveCfg = Release|Any CPU
		{AD33638B-2CCE-49BF-A9B3-ED423C86F258}.Release|Any CPU.Build.0 = Release|Any CPU
	EndGlobalSection
	GlobalSection(SolutionProperties) = preSolution
		HideSolutionNode = FALSE
	EndGlobalSection
	GlobalSection(ExtensibilityGlobals) = postSolution
		SolutionGuid = {40270181-2245-429A-BAC7-8CA3BDBC287A}
	EndGlobalSection
EndGlobal
