
Microsoft Visual Studio Solution File, Format Version 12.00
# Visual Studio 15
VisualStudioVersion = 15.0.27004.2005
MinimumVisualStudioVersion = 10.0.40219.1
Project("{FAE04EC0-301F-11D3-BF4B-00C04F79EFBC}") = "code4money.Web", "..\code4money.Web\code4money.Web.csproj", "{A5459D7D-E157-45EF-80B9-10E47C61CB4B}"
EndProject
Global
	GlobalSection(SolutionConfigurationPlatforms) = preSolution
		Debug|Any CPU = Debug|Any CPU
		Release|Any CPU = Release|Any CPU
	EndGlobalSection
	GlobalSection(ProjectConfigurationPlatforms) = postSolution
		{A5459D7D-E157-45EF-80B9-10E47C61CB4B}.Debug|Any CPU.ActiveCfg = Debug|Any CPU
		{A5459D7D-E157-45EF-80B9-10E47C61CB4B}.Debug|Any CPU.Build.0 = Debug|Any CPU
		{A5459D7D-E157-45EF-80B9-10E47C61CB4B}.Release|Any CPU.ActiveCfg = Release|Any CPU
		{A5459D7D-E157-45EF-80B9-10E47C61CB4B}.Release|Any CPU.Build.0 = Release|Any CPU
	EndGlobalSection
	GlobalSection(SolutionProperties) = preSolution
		HideSolutionNode = FALSE
	EndGlobalSection
	GlobalSection(ExtensibilityGlobals) = postSolution
		SolutionGuid = {B001BE4B-1F2E-4432-B084-CB090811ADF1}
	EndGlobalSection
EndGlobal
